
Microsoft Visual Studio Solution File, Format Version 12.00
# Visual Studio Version 17
VisualStudioVersion = 17.8.34408.163
MinimumVisualStudioVersion = 10.0.40219.1
Project("{888888A0-9F3D-457C-B088-3A5042F75D52}") = "Python_1", "Python_1.pyproj", "{2632DDB7-6B39-49DF-8335-C3643F31F0B0}"
EndProject
Global
	GlobalSection(SolutionConfigurationPlatforms) = preSolution
		Debug|Any CPU = Debug|Any CPU
		Release|Any CPU = Release|Any CPU
	EndGlobalSection
	GlobalSection(ProjectConfigurationPlatforms) = postSolution
		{2632DDB7-6B39-49DF-8335-C3643F31F0B0}.Debug|Any CPU.ActiveCfg = Debug|Any CPU
		{2632DDB7-6B39-49DF-8335-C3643F31F0B0}.Release|Any CPU.ActiveCfg = Release|Any CPU
	EndGlobalSection
	GlobalSection(SolutionProperties) = preSolution
		HideSolutionNode = FALSE
	EndGlobalSection
	GlobalSection(ExtensibilityGlobals) = postSolution
		SolutionGuid = {E9D8CD54-97AC-43ED-B09F-A701A1D368EE}
	EndGlobalSection
EndGlobal
